
Microsoft Visual Studio Solution File, Format Version 12.00
# Visual Studio Version 17
VisualStudioVersion = 17.0.32014.148
MinimumVisualStudioVersion = 10.0.40219.1
Project("{8BC9CEB8-8B4A-11D0-8D11-00A0C91BC942}") = "DataStructures", "DataStructures\DataStructures.vcxproj", "{5D714F02-5F16-4E2E-9C71-511227FDD94D}"
EndProject
Project("{2150E333-8FDC-42A3-9474-1A3956D46DE8}") = "Solution Items", "Solution Items", "{7F81D5BB-CECB-4C1F-8E3E-7656D1DF13D7}"
	ProjectSection(SolutionItems) = preProject
		..\README.md = ..\README.md
	EndProjectSection
EndProject
Project("{8BC9CEB8-8B4A-11D0-8D11-00A0C91BC942}") = "Unit-Tests", "Unit-Tests\Unit-Tests.vcxproj", "{C659B6CB-7EBA-4D93-9F77-A4E04E3F4614}"
EndProject
Project("{9A19103F-16F7-4668-BE54-9A1E7A4F7556}") = "Data Structures (C Sharp)", "Data Structures (C Sharp)\Data Structures (C Sharp).csproj", "{9A9E34B3-E07B-498E-9510-90A7FFADDB73}"
EndProject
Project("{2150E333-8FDC-42A3-9474-1A3956D46DE8}") = "Data Structures", "Data Structures", "{36F64626-B6BD-428A-B5DF-392856F8D6CF}"
EndProject
Project("{2150E333-8FDC-42A3-9474-1A3956D46DE8}") = "Testing", "Testing", "{C6649AC0-F6C3-415D-BCB5-0059462496D4}"
EndProject
Project("{FAE04EC0-301F-11D3-BF4B-00C04F79EFBC}") = "Unit Tests (.Net)", "Unit-Tests\Unit Tests (.Net)\Unit Tests (.Net).csproj", "{C0C5EFA4-FA5D-493E-8E53-CFB04961F41D}"
EndProject
Global
	GlobalSection(SolutionConfigurationPlatforms) = preSolution
		Debug|Any CPU = Debug|Any CPU
		Debug|x64 = Debug|x64
		Debug|x86 = Debug|x86
		Release|Any CPU = Release|Any CPU
		Release|x64 = Release|x64
		Release|x86 = Release|x86
	EndGlobalSection
	GlobalSection(ProjectConfigurationPlatforms) = postSolution
		{5D714F02-5F16-4E2E-9C71-511227FDD94D}.Debug|Any CPU.ActiveCfg = Debug|x64
		{5D714F02-5F16-4E2E-9C71-511227FDD94D}.Debug|Any CPU.Build.0 = Debug|x64
		{5D714F02-5F16-4E2E-9C71-511227FDD94D}.Debug|x64.ActiveCfg = Debug|x64
		{5D714F02-5F16-4E2E-9C71-511227FDD94D}.Debug|x64.Build.0 = Debug|x64
		{5D714F02-5F16-4E2E-9C71-511227FDD94D}.Debug|x86.ActiveCfg = Debug|Win32
		{5D714F02-5F16-4E2E-9C71-511227FDD94D}.Debug|x86.Build.0 = Debug|Win32
		{5D714F02-5F16-4E2E-9C71-511227FDD94D}.Release|Any CPU.ActiveCfg = Release|x64
		{5D714F02-5F16-4E2E-9C71-511227FDD94D}.Release|Any CPU.Build.0 = Release|x64
		{5D714F02-5F16-4E2E-9C71-511227FDD94D}.Release|x64.ActiveCfg = Release|x64
		{5D714F02-5F16-4E2E-9C71-511227FDD94D}.Release|x64.Build.0 = Release|x64
		{5D714F02-5F16-4E2E-9C71-511227FDD94D}.Release|x86.ActiveCfg = Release|Win32
		{5D714F02-5F16-4E2E-9C71-511227FDD94D}.Release|x86.Build.0 = Release|Win32
		{C659B6CB-7EBA-4D93-9F77-A4E04E3F4614}.Debug|Any CPU.ActiveCfg = Debug|x64
		{C659B6CB-7EBA-4D93-9F77-A4E04E3F4614}.Debug|Any CPU.Build.0 = Debug|x64
		{C659B6CB-7EBA-4D93-9F77-A4E04E3F4614}.Debug|x64.ActiveCfg = Debug|x64
		{C659B6CB-7EBA-4D93-9F77-A4E04E3F4614}.Debug|x64.Build.0 = Debug|x64
		{C659B6CB-7EBA-4D93-9F77-A4E04E3F4614}.Debug|x86.ActiveCfg = Debug|Win32
		{C659B6CB-7EBA-4D93-9F77-A4E04E3F4614}.Debug|x86.Build.0 = Debug|Win32
		{C659B6CB-7EBA-4D93-9F77-A4E04E3F4614}.Release|Any CPU.ActiveCfg = Release|x64
		{C659B6CB-7EBA-4D93-9F77-A4E04E3F4614}.Release|Any CPU.Build.0 = Release|x64
		{C659B6CB-7EBA-4D93-9F77-A4E04E3F4614}.Release|x64.ActiveCfg = Release|x64
		{C659B6CB-7EBA-4D93-9F77-A4E04E3F4614}.Release|x64.Build.0 = Release|x64
		{C659B6CB-7EBA-4D93-9F77-A4E04E3F4614}.Release|x86.ActiveCfg = Release|Win32
		{C659B6CB-7EBA-4D93-9F77-A4E04E3F4614}.Release|x86.Build.0 = Release|Win32
		{9A9E34B3-E07B-498E-9510-90A7FFADDB73}.Debug|Any CPU.ActiveCfg = Debug|Any CPU
		{9A9E34B3-E07B-498E-9510-90A7FFADDB73}.Debug|Any CPU.Build.0 = Debug|Any CPU
		{9A9E34B3-E07B-498E-9510-90A7FFADDB73}.Debug|x64.ActiveCfg = Debug|Any CPU
		{9A9E34B3-E07B-498E-9510-90A7FFADDB73}.Debug|x64.Build.0 = Debug|Any CPU
		{9A9E34B3-E07B-498E-9510-90A7FFADDB73}.Debug|x86.ActiveCfg = Debug|Any CPU
		{9A9E34B3-E07B-498E-9510-90A7FFADDB73}.Debug|x86.Build.0 = Debug|Any CPU
		{9A9E34B3-E07B-498E-9510-90A7FFADDB73}.Release|Any CPU.ActiveCfg = Release|Any CPU
		{9A9E34B3-E07B-498E-9510-90A7FFADDB73}.Release|Any CPU.Build.0 = Release|Any CPU
		{9A9E34B3-E07B-498E-9510-90A7FFADDB73}.Release|x64.ActiveCfg = Release|Any CPU
		{9A9E34B3-E07B-498E-9510-90A7FFADDB73}.Release|x64.Build.0 = Release|Any CPU
		{9A9E34B3-E07B-498E-9510-90A7FFADDB73}.Release|x86.ActiveCfg = Release|Any CPU
		{9A9E34B3-E07B-498E-9510-90A7FFADDB73}.Release|x86.Build.0 = Release|Any CPU
		{C0C5EFA4-FA5D-493E-8E53-CFB04961F41D}.Debug|Any CPU.ActiveCfg = Debug|Any CPU
		{C0C5EFA4-FA5D-493E-8E53-CFB04961F41D}.Debug|Any CPU.Build.0 = Debug|Any CPU
		{C0C5EFA4-FA5D-493E-8E53-CFB04961F41D}.Debug|x64.ActiveCfg = Debug|Any CPU
		{C0C5EFA4-FA5D-493E-8E53-CFB04961F41D}.Debug|x64.Build.0 = Debug|Any CPU
		{C0C5EFA4-FA5D-493E-8E53-CFB04961F41D}.Debug|x86.ActiveCfg = Debug|Any CPU
		{C0C5EFA4-FA5D-493E-8E53-CFB04961F41D}.Debug|x86.Build.0 = Debug|Any CPU
		{C0C5EFA4-FA5D-493E-8E53-CFB04961F41D}.Release|Any CPU.ActiveCfg = Release|Any CPU
		{C0C5EFA4-FA5D-493E-8E53-CFB04961F41D}.Release|Any CPU.Build.0 = Release|Any CPU
		{C0C5EFA4-FA5D-493E-8E53-CFB04961F41D}.Release|x64.ActiveCfg = Release|Any CPU
		{C0C5EFA4-FA5D-493E-8E53-CFB04961F41D}.Release|x64.Build.0 = Release|Any CPU
		{C0C5EFA4-FA5D-493E-8E53-CFB04961F41D}.Release|x86.ActiveCfg = Release|Any CPU
		{C0C5EFA4-FA5D-493E-8E53-CFB04961F41D}.Release|x86.Build.0 = Release|Any CPU
	EndGlobalSection
	GlobalSection(SolutionProperties) = preSolution
		HideSolutionNode = FALSE
	EndGlobalSection
	GlobalSection(NestedProjects) = preSolution
		{5D714F02-5F16-4E2E-9C71-511227FDD94D} = {36F64626-B6BD-428A-B5DF-392856F8D6CF}
		{C659B6CB-7EBA-4D93-9F77-A4E04E3F4614} = {C6649AC0-F6C3-415D-BCB5-0059462496D4}
		{9A9E34B3-E07B-498E-9510-90A7FFADDB73} = {36F64626-B6BD-428A-B5DF-392856F8D6CF}
		{C0C5EFA4-FA5D-493E-8E53-CFB04961F41D} = {C6649AC0-F6C3-415D-BCB5-0059462496D4}
	EndGlobalSection
	GlobalSection(ExtensibilityGlobals) = postSolution
		SolutionGuid = {E065519A-1AEB-482E-975B-C384DDD25C79}
	EndGlobalSection
EndGlobal
